
Microsoft Visual Studio Solution File, Format Version 12.00
# Visual Studio Version 17
VisualStudioVersion = 17.5.33516.290
MinimumVisualStudioVersion = 10.0.40219.1
Project("{9A19103F-16F7-4668-BE54-9A1E7A4F7556}") = "Senparc.Weixin.Work.net7", "Senparc.Weixin.Work.net7.csproj", "{2D492B5F-CFD1-4A31-8007-CC703613C224}"
EndProject
Global
	GlobalSection(SolutionConfigurationPlatforms) = preSolution
		Debug|Any CPU = Debug|Any CPU
		Release|Any CPU = Release|Any CPU
	EndGlobalSection
	GlobalSection(ProjectConfigurationPlatforms) = postSolution
		{2D492B5F-CFD1-4A31-8007-CC703613C224}.Debug|Any CPU.ActiveCfg = Debug|Any CPU
		{2D492B5F-CFD1-4A31-8007-CC703613C224}.Debug|Any CPU.Build.0 = Debug|Any CPU
		{2D492B5F-CFD1-4A31-8007-CC703613C224}.Release|Any CPU.ActiveCfg = Release|Any CPU
		{2D492B5F-CFD1-4A31-8007-CC703613C224}.Release|Any CPU.Build.0 = Release|Any CPU
	EndGlobalSection
	GlobalSection(SolutionProperties) = preSolution
		HideSolutionNode = FALSE
	EndGlobalSection
	GlobalSection(ExtensibilityGlobals) = postSolution
		SolutionGuid = {948D9EF6-3E45-4C4B-B86B-10D7CDCD547C}
	EndGlobalSection
EndGlobal
